
Microsoft Visual Studio Solution File, Format Version 12.00
# Visual Studio Version 17
VisualStudioVersion = 17.9.34616.47
MinimumVisualStudioVersion = 10.0.40219.1
Project("{FAE04EC0-301F-11D3-BF4B-00C04F79EFBC}") = "Visma task", "Visma task.csproj", "{625F69A3-1169-410A-8F88-8BDB21B4FFF2}"
EndProject
Project("{FAE04EC0-301F-11D3-BF4B-00C04F79EFBC}") = "UnitTests", "..\UnitTests\UnitTests.csproj", "{DA15063D-CBAC-4439-AA9F-0F6FD837005A}"
EndProject
Global
	GlobalSection(SolutionConfigurationPlatforms) = preSolution
		Debug|Any CPU = Debug|Any CPU
		Release|Any CPU = Release|Any CPU
	EndGlobalSection
	GlobalSection(ProjectConfigurationPlatforms) = postSolution
		{625F69A3-1169-410A-8F88-8BDB21B4FFF2}.Debug|Any CPU.ActiveCfg = Debug|Any CPU
		{625F69A3-1169-410A-8F88-8BDB21B4FFF2}.Debug|Any CPU.Build.0 = Debug|Any CPU
		{625F69A3-1169-410A-8F88-8BDB21B4FFF2}.Release|Any CPU.ActiveCfg = Release|Any CPU
		{625F69A3-1169-410A-8F88-8BDB21B4FFF2}.Release|Any CPU.Build.0 = Release|Any CPU
		{DA15063D-CBAC-4439-AA9F-0F6FD837005A}.Debug|Any CPU.ActiveCfg = Debug|Any CPU
		{DA15063D-CBAC-4439-AA9F-0F6FD837005A}.Debug|Any CPU.Build.0 = Debug|Any CPU
		{DA15063D-CBAC-4439-AA9F-0F6FD837005A}.Release|Any CPU.ActiveCfg = Release|Any CPU
		{DA15063D-CBAC-4439-AA9F-0F6FD837005A}.Release|Any CPU.Build.0 = Release|Any CPU
	EndGlobalSection
	GlobalSection(SolutionProperties) = preSolution
		HideSolutionNode = FALSE
	EndGlobalSection
	GlobalSection(ExtensibilityGlobals) = postSolution
		SolutionGuid = {F730B295-F6D3-4A1E-99F8-96ED31ED8BFB}
	EndGlobalSection
EndGlobal
